<?xml version="1.0" encoding="UTF-8"?>
<Solution>
	<Configurations>
		<BuildType Name="Debug"/>
		<BuildType Name="Release"/>
		<BuildType Name="MinSizeRel"/>
		<BuildType Name="RelWithDebInfo"/>
		<Platform Name="x64"/>
	</Configurations>
	<Project Path="ALL_BUILD.vcxproj" Type="8bc9ceb8-8b4a-11d0-8d11-00a0c91bc942" Id="d6b5193a-c303-39d0-9066-7ecb73428ac8" DefaultStartup="true">
		<BuildDependency Project="ZERO_CHECK.vcxproj"/>
		<BuildDependency Project="arm_motion_test.vcxproj"/>
		<BuildDependency Project="automatic_calibration_test.vcxproj"/>
		<BuildDependency Project="autonomous_units_test.vcxproj"/>
		<BuildDependency Project="calibration_routine_test.vcxproj"/>
		<BuildDependency Project="calibration_test.vcxproj"/>
		<BuildDependency Project="chassis_adapter_test.vcxproj"/>
		<BuildDependency Project="controller_test.vcxproj"/>
		<BuildDependency Project="driver_input_test.vcxproj"/>
		<BuildDependency Project="estimator_test.vcxproj"/>
		<BuildDependency Project="mechanism_test.vcxproj"/>
		<BuildDependency Project="nexus_calibrate.vcxproj"/>
		<BuildDependency Project="nexus_core.vcxproj"/>
		<BuildDependency Project="startup_test.vcxproj"/>
		<BuildDependency Project="system_test.vcxproj"/>
		<Build Solution="Debug|*" Project="false"/>
		<Build Solution="Release|*" Project="false"/>
		<Build Solution="MinSizeRel|*" Project="false"/>
		<Build Solution="RelWithDebInfo|*" Project="false"/>
	</Project>
	<Project Path="RUN_TESTS.vcxproj" Type="8bc9ceb8-8b4a-11d0-8d11-00a0c91bc942" Id="3b814f3d-d9d7-323b-ac93-b75b99d6d29b">
		<BuildDependency Project="ZERO_CHECK.vcxproj"/>
		<Build Solution="Debug|*" Project="false"/>
		<Build Solution="Release|*" Project="false"/>
		<Build Solution="MinSizeRel|*" Project="false"/>
		<Build Solution="RelWithDebInfo|*" Project="false"/>
	</Project>
	<Project Path="ZERO_CHECK.vcxproj" Type="8bc9ceb8-8b4a-11d0-8d11-00a0c91bc942" Id="9783742a-6c22-3784-8f80-9e85abf34bc1"/>
	<Project Path="arm_motion_test.vcxproj" Type="8bc9ceb8-8b4a-11d0-8d11-00a0c91bc942" Id="58bd840b-99f6-34fd-8b9d-ff8d184be28f">
		<BuildDependency Project="ZERO_CHECK.vcxproj"/>
		<BuildDependency Project="nexus_core.vcxproj"/>
	</Project>
	<Project Path="automatic_calibration_test.vcxproj" Type="8bc9ceb8-8b4a-11d0-8d11-00a0c91bc942" Id="059f7687-94cb-3ac2-8b2f-9a918a31a51d">
		<BuildDependency Project="ZERO_CHECK.vcxproj"/>
		<BuildDependency Project="nexus_core.vcxproj"/>
	</Project>
	<Project Path="autonomous_units_test.vcxproj" Type="8bc9ceb8-8b4a-11d0-8d11-00a0c91bc942" Id="d6b6c86e-4d7a-3d4c-bdcd-1db08f7694fa">
		<BuildDependency Project="ZERO_CHECK.vcxproj"/>
		<BuildDependency Project="nexus_core.vcxproj"/>
	</Project>
	<Project Path="calibration_routine_test.vcxproj" Type="8bc9ceb8-8b4a-11d0-8d11-00a0c91bc942" Id="4a0c7302-266c-3b56-a522-888b517f9654">
		<BuildDependency Project="ZERO_CHECK.vcxproj"/>
		<BuildDependency Project="nexus_core.vcxproj"/>
	</Project>
	<Project Path="calibration_test.vcxproj" Type="8bc9ceb8-8b4a-11d0-8d11-00a0c91bc942" Id="a8549187-376a-326c-843f-2d896ea8543f">
		<BuildDependency Project="ZERO_CHECK.vcxproj"/>
		<BuildDependency Project="nexus_core.vcxproj"/>
	</Project>
	<Project Path="chassis_adapter_test.vcxproj" Type="8bc9ceb8-8b4a-11d0-8d11-00a0c91bc942" Id="766fe506-f7b2-371f-90b4-f3a066095d4f">
		<BuildDependency Project="ZERO_CHECK.vcxproj"/>
		<BuildDependency Project="nexus_core.vcxproj"/>
	</Project>
	<Project Path="controller_test.vcxproj" Type="8bc9ceb8-8b4a-11d0-8d11-00a0c91bc942" Id="5567f409-327a-3efa-87c3-49ba16b94354">
		<BuildDependency Project="ZERO_CHECK.vcxproj"/>
		<BuildDependency Project="nexus_core.vcxproj"/>
	</Project>
	<Project Path="driver_input_test.vcxproj" Type="8bc9ceb8-8b4a-11d0-8d11-00a0c91bc942" Id="689d2dc3-035d-3849-9192-064cd92fdd38">
		<BuildDependency Project="ZERO_CHECK.vcxproj"/>
		<BuildDependency Project="nexus_core.vcxproj"/>
	</Project>
	<Project Path="estimator_test.vcxproj" Type="8bc9ceb8-8b4a-11d0-8d11-00a0c91bc942" Id="b200c735-36c1-33fa-8806-602453915739">
		<BuildDependency Project="ZERO_CHECK.vcxproj"/>
		<BuildDependency Project="nexus_core.vcxproj"/>
	</Project>
	<Project Path="mechanism_test.vcxproj" Type="8bc9ceb8-8b4a-11d0-8d11-00a0c91bc942" Id="937fe8c0-de59-3067-a075-50ac2e648f9a">
		<BuildDependency Project="ZERO_CHECK.vcxproj"/>
		<BuildDependency Project="nexus_core.vcxproj"/>
	</Project>
	<Project Path="nexus_calibrate.vcxproj" Type="8bc9ceb8-8b4a-11d0-8d11-00a0c91bc942" Id="7f4197e0-573b-3a85-ae3d-ba3580252d2d">
		<BuildDependency Project="ZERO_CHECK.vcxproj"/>
		<BuildDependency Project="nexus_core.vcxproj"/>
	</Project>
	<Project Path="nexus_core.vcxproj" Type="8bc9ceb8-8b4a-11d0-8d11-00a0c91bc942" Id="25f51f4f-f76c-310c-bdaf-4c141363f894">
		<BuildDependency Project="ZERO_CHECK.vcxproj"/>
	</Project>
	<Project Path="startup_test.vcxproj" Type="8bc9ceb8-8b4a-11d0-8d11-00a0c91bc942" Id="97d7419d-4a46-3fee-9208-1533904f4d91">
		<BuildDependency Project="ZERO_CHECK.vcxproj"/>
		<BuildDependency Project="nexus_core.vcxproj"/>
	</Project>
	<Project Path="system_test.vcxproj" Type="8bc9ceb8-8b4a-11d0-8d11-00a0c91bc942" Id="672ac6e1-3841-3661-9d76-8365794e124c">
		<BuildDependency Project="ZERO_CHECK.vcxproj"/>
		<BuildDependency Project="nexus_core.vcxproj"/>
	</Project>
</Solution>
