<?xml version="1.0" encoding="utf-8"?>
<Project ToolsVersion="18.0" xmlns="http://schemas.microsoft.com/developer/msbuild/2003">
  <ItemGroup>
    <CustomBuild Include="C:\Users\rugge\Documents\vex-vscode-projects\SX_SAWP\.test-build-estimator-audit\CMakeFiles\db7ff58d3c2a59c8dc0b2819b75d1b9d\RUN_TESTS_force.rule">
      <Filter>CMake Rules</Filter>
    </CustomBuild>
  </ItemGroup>
  <ItemGroup>
    <Filter Include="CMake Rules">
      <UniqueIdentifier>{E2839691-ABCA-3AFA-A5A9-8DFFAEB1D84E}</UniqueIdentifier>
    </Filter>
  </ItemGroup>
</Project>
