<?xml version="1.0" encoding="utf-8"?>
<Project ToolsVersion="18.0" xmlns="http://schemas.microsoft.com/developer/msbuild/2003">
  <ItemGroup>
    <ClCompile Include="C:\Users\rugge\Documents\vex-vscode-projects\SX_SAWP\.test-build-usb-motion\guard_test.cpp">
      <Filter>Source Files</Filter>
    </ClCompile>
  </ItemGroup>
  <ItemGroup>
    <CustomBuild Include="C:\Users\rugge\Documents\vex-vscode-projects\SX_SAWP\.test-build-usb-motion\CMakeLists.txt" />
  </ItemGroup>
  <ItemGroup>
    <Filter Include="Source Files">
      <UniqueIdentifier>{151D2D9F-95CE-3AB1-A00C-2C0A5B671D2D}</UniqueIdentifier>
    </Filter>
  </ItemGroup>
</Project>
