<?xml version="1.0" encoding="utf-8"?>
<Project ToolsVersion="18.0" xmlns="http://schemas.microsoft.com/developer/msbuild/2003">
  <ItemGroup>
    <CustomBuild Include="C:\Users\rugge\Documents\vex-vscode-projects\SX_SAWP\.test-build-usb-motion\host\CMakeFiles\172dbabe82bd7a6825a6e9fce52ae8e1\generate.stamp.rule">
      <Filter>CMake Rules</Filter>
    </CustomBuild>
  </ItemGroup>
  <ItemGroup>
    <Filter Include="CMake Rules">
      <UniqueIdentifier>{2B4E1BE5-2CC2-3CAD-989A-35575318B7F5}</UniqueIdentifier>
    </Filter>
  </ItemGroup>
</Project>
