<?xml version="1.0" encoding="utf-8"?>
<Project ToolsVersion="18.0" xmlns="http://schemas.microsoft.com/developer/msbuild/2003">
  <ItemGroup>
    <CustomBuild Include="C:\Users\rugge\Documents\vex-vscode-projects\SX_SAWP\.test-build-sensor-audit\CMakeFiles\c54f84c15ba1017e31490c50db911c0b\generate.stamp.rule">
      <Filter>CMake Rules</Filter>
    </CustomBuild>
  </ItemGroup>
  <ItemGroup>
    <Filter Include="CMake Rules">
      <UniqueIdentifier>{089289C1-62AA-3E3B-BA80-EFD8986C5047}</UniqueIdentifier>
    </Filter>
  </ItemGroup>
</Project>
