<?xml version="1.0" encoding="utf-8"?>
<Project ToolsVersion="18.0" xmlns="http://schemas.microsoft.com/developer/msbuild/2003">
  <ItemGroup>
    <CustomBuild Include="C:\Users\rugge\Documents\vex-vscode-projects\SX_SAWP\.test-build-usb-rotation\host\CMakeFiles\7911474960845888d49beb383e0ea18b\RUN_TESTS_force.rule">
      <Filter>CMake Rules</Filter>
    </CustomBuild>
  </ItemGroup>
  <ItemGroup>
    <Filter Include="CMake Rules">
      <UniqueIdentifier>{794FC80E-1904-3478-975E-1C17D9D7D304}</UniqueIdentifier>
    </Filter>
  </ItemGroup>
</Project>
