<?xml version="1.0" encoding="utf-8"?>
<Project ToolsVersion="18.0" xmlns="http://schemas.microsoft.com/developer/msbuild/2003">
  <ItemGroup>
    <CustomBuild Include="C:\Users\rugge\Documents\vex-vscode-projects\SX_SAWP\.test-build-audit-20261002\CMakeFiles\db4145fc4bf6f0d13e1ee8c8ab66b851\RUN_TESTS_force.rule">
      <Filter>CMake Rules</Filter>
    </CustomBuild>
  </ItemGroup>
  <ItemGroup>
    <Filter Include="CMake Rules">
      <UniqueIdentifier>{9433D80A-E14F-3E0A-8EC6-3D590E13EC51}</UniqueIdentifier>
    </Filter>
  </ItemGroup>
</Project>
