<?xml version="1.0" encoding="utf-8"?>
<Project ToolsVersion="18.0" xmlns="http://schemas.microsoft.com/developer/msbuild/2003">
  <ItemGroup>
    <CustomBuild Include="C:\Users\rugge\Documents\vex-vscode-projects\SX_SAWP\.test-build-lift\CMakeFiles\45bac973e29ff1f09097f90a57ef7f28\RUN_TESTS_force.rule">
      <Filter>CMake Rules</Filter>
    </CustomBuild>
  </ItemGroup>
  <ItemGroup>
    <Filter Include="CMake Rules">
      <UniqueIdentifier>{C04D7F25-1DF6-3DF0-AF11-F13DF6BBE015}</UniqueIdentifier>
    </Filter>
  </ItemGroup>
</Project>
