<?xml version="1.0" encoding="utf-8"?>
<Project ToolsVersion="18.0" xmlns="http://schemas.microsoft.com/developer/msbuild/2003">
  <ItemGroup>
    <CustomBuild Include="C:\Users\rugge\Documents\vex-vscode-projects\SX_SAWP\.test-build-usb-micro\host\CMakeFiles\de24bf8a6d40bca55e38fba3c226fff7\generate.stamp.rule">
      <Filter>CMake Rules</Filter>
    </CustomBuild>
  </ItemGroup>
  <ItemGroup>
    <Filter Include="CMake Rules">
      <UniqueIdentifier>{2528828A-A0A7-33BC-B2FE-00FAABCB9633}</UniqueIdentifier>
    </Filter>
  </ItemGroup>
</Project>
